
Microsoft Visual Studio Solution File, Format Version 12.00
# Visual Studio Version 17
VisualStudioVersion = 17.4.33213.308
MinimumVisualStudioVersion = 10.0.40219.1
Project("{9A19103F-16F7-4668-BE54-9A1E7A4F7556}") = "01_SmallestOfThreeNumbers", "01_SmallestOfThreeNumbers\01_SmallestOfThreeNumbers.csproj", "{F4FA979F-1A31-4B23-A0C1-7F620FB432B5}"
EndProject
Project("{9A19103F-16F7-4668-BE54-9A1E7A4F7556}") = "02_VowelsCount", "02_VowelsCount\02_VowelsCount.csproj", "{5839BDDA-84D3-4985-A2AD-501B0FC23EF3}"
EndProject
Project("{9A19103F-16F7-4668-BE54-9A1E7A4F7556}") = "03_CharactersInRange", "03_CharactersInRange\03_CharactersInRange.csproj", "{76BA6B9E-0EF4-4244-987D-C225BBF17ACF}"
EndProject
Project("{FAE04EC0-301F-11D3-BF4B-00C04F79EFBC}") = "04_PasswordValidator", "04_PasswordValidator\04_PasswordValidator.csproj", "{0B2F5D64-B72B-4ECC-87EA-F5F725107686}"
EndProject
Project("{FAE04EC0-301F-11D3-BF4B-00C04F79EFBC}") = "05_AddAndSubtract", "05_AddAndSubtract\05_AddAndSubtract.csproj", "{84347101-F7C8-457E-BFE4-5D7B2D34BB8B}"
EndProject
Project("{FAE04EC0-301F-11D3-BF4B-00C04F79EFBC}") = "06_MiddleCharacters", "06_MiddleCharacters\06_MiddleCharacters.csproj", "{900F1A7E-FBD6-49E7-B716-43F4B6F432FA}"
EndProject
Project("{FAE04EC0-301F-11D3-BF4B-00C04F79EFBC}") = "07_NxNMatrix", "07_NxNMatrix\07_NxNMatrix.csproj", "{663CA396-7E75-4D32-B798-FD46A09C53E3}"
EndProject
Project("{FAE04EC0-301F-11D3-BF4B-00C04F79EFBC}") = "08_FactorialDivision", "08_FactorialDivision\08_FactorialDivision.csproj", "{B24F2B23-0533-4EC1-8B86-A91DEAF2AE45}"
EndProject
Project("{FAE04EC0-301F-11D3-BF4B-00C04F79EFBC}") = "09_PalindromeIntegers", "9_PalindromeIntegers\09_PalindromeIntegers.csproj", "{DFC69DEE-DB9A-4F1C-B24F-CE2C146F4C14}"
EndProject
Project("{FAE04EC0-301F-11D3-BF4B-00C04F79EFBC}") = "10_TopNumber", "10_TopNumber\10_TopNumber.csproj", "{074DBEE6-A6F0-4442-A0CD-70C68320AE25}"
EndProject
Global
	GlobalSection(SolutionConfigurationPlatforms) = preSolution
		Debug|Any CPU = Debug|Any CPU
		Release|Any CPU = Release|Any CPU
	EndGlobalSection
	GlobalSection(ProjectConfigurationPlatforms) = postSolution
		{F4FA979F-1A31-4B23-A0C1-7F620FB432B5}.Debug|Any CPU.ActiveCfg = Debug|Any CPU
		{F4FA979F-1A31-4B23-A0C1-7F620FB432B5}.Debug|Any CPU.Build.0 = Debug|Any CPU
		{F4FA979F-1A31-4B23-A0C1-7F620FB432B5}.Release|Any CPU.ActiveCfg = Release|Any CPU
		{F4FA979F-1A31-4B23-A0C1-7F620FB432B5}.Release|Any CPU.Build.0 = Release|Any CPU
		{5839BDDA-84D3-4985-A2AD-501B0FC23EF3}.Debug|Any CPU.ActiveCfg = Debug|Any CPU
		{5839BDDA-84D3-4985-A2AD-501B0FC23EF3}.Debug|Any CPU.Build.0 = Debug|Any CPU
		{5839BDDA-84D3-4985-A2AD-501B0FC23EF3}.Release|Any CPU.ActiveCfg = Release|Any CPU
		{5839BDDA-84D3-4985-A2AD-501B0FC23EF3}.Release|Any CPU.Build.0 = Release|Any CPU
		{76BA6B9E-0EF4-4244-987D-C225BBF17ACF}.Debug|Any CPU.ActiveCfg = Debug|Any CPU
		{76BA6B9E-0EF4-4244-987D-C225BBF17ACF}.Debug|Any CPU.Build.0 = Debug|Any CPU
		{76BA6B9E-0EF4-4244-987D-C225BBF17ACF}.Release|Any CPU.ActiveCfg = Release|Any CPU
		{76BA6B9E-0EF4-4244-987D-C225BBF17ACF}.Release|Any CPU.Build.0 = Release|Any CPU
		{0B2F5D64-B72B-4ECC-87EA-F5F725107686}.Debug|Any CPU.ActiveCfg = Debug|Any CPU
		{0B2F5D64-B72B-4ECC-87EA-F5F725107686}.Debug|Any CPU.Build.0 = Debug|Any CPU
		{0B2F5D64-B72B-4ECC-87EA-F5F725107686}.Release|Any CPU.ActiveCfg = Release|Any CPU
		{0B2F5D64-B72B-4ECC-87EA-F5F725107686}.Release|Any CPU.Build.0 = Release|Any CPU
		{84347101-F7C8-457E-BFE4-5D7B2D34BB8B}.Debug|Any CPU.ActiveCfg = Debug|Any CPU
		{84347101-F7C8-457E-BFE4-5D7B2D34BB8B}.Debug|Any CPU.Build.0 = Debug|Any CPU
		{84347101-F7C8-457E-BFE4-5D7B2D34BB8B}.Release|Any CPU.ActiveCfg = Release|Any CPU
		{84347101-F7C8-457E-BFE4-5D7B2D34BB8B}.Release|Any CPU.Build.0 = Release|Any CPU
		{900F1A7E-FBD6-49E7-B716-43F4B6F432FA}.Debug|Any CPU.ActiveCfg = Debug|Any CPU
		{900F1A7E-FBD6-49E7-B716-43F4B6F432FA}.Debug|Any CPU.Build.0 = Debug|Any CPU
		{900F1A7E-FBD6-49E7-B716-43F4B6F432FA}.Release|Any CPU.ActiveCfg = Release|Any CPU
		{900F1A7E-FBD6-49E7-B716-43F4B6F432FA}.Release|Any CPU.Build.0 = Release|Any CPU
		{663CA396-7E75-4D32-B798-FD46A09C53E3}.Debug|Any CPU.ActiveCfg = Debug|Any CPU
		{663CA396-7E75-4D32-B798-FD46A09C53E3}.Debug|Any CPU.Build.0 = Debug|Any CPU
		{663CA396-7E75-4D32-B798-FD46A09C53E3}.Release|Any CPU.ActiveCfg = Release|Any CPU
		{663CA396-7E75-4D32-B798-FD46A09C53E3}.Release|Any CPU.Build.0 = Release|Any CPU
		{B24F2B23-0533-4EC1-8B86-A91DEAF2AE45}.Debug|Any CPU.ActiveCfg = Debug|Any CPU
		{B24F2B23-0533-4EC1-8B86-A91DEAF2AE45}.Debug|Any CPU.Build.0 = Debug|Any CPU
		{B24F2B23-0533-4EC1-8B86-A91DEAF2AE45}.Release|Any CPU.ActiveCfg = Release|Any CPU
		{B24F2B23-0533-4EC1-8B86-A91DEAF2AE45}.Release|Any CPU.Build.0 = Release|Any CPU
		{DFC69DEE-DB9A-4F1C-B24F-CE2C146F4C14}.Debug|Any CPU.ActiveCfg = Debug|Any CPU
		{DFC69DEE-DB9A-4F1C-B24F-CE2C146F4C14}.Debug|Any CPU.Build.0 = Debug|Any CPU
		{DFC69DEE-DB9A-4F1C-B24F-CE2C146F4C14}.Release|Any CPU.ActiveCfg = Release|Any CPU
		{DFC69DEE-DB9A-4F1C-B24F-CE2C146F4C14}.Release|Any CPU.Build.0 = Release|Any CPU
		{074DBEE6-A6F0-4442-A0CD-70C68320AE25}.Debug|Any CPU.ActiveCfg = Debug|Any CPU
		{074DBEE6-A6F0-4442-A0CD-70C68320AE25}.Debug|Any CPU.Build.0 = Debug|Any CPU
		{074DBEE6-A6F0-4442-A0CD-70C68320AE25}.Release|Any CPU.ActiveCfg = Release|Any CPU
		{074DBEE6-A6F0-4442-A0CD-70C68320AE25}.Release|Any CPU.Build.0 = Release|Any CPU
	EndGlobalSection
	GlobalSection(SolutionProperties) = preSolution
		HideSolutionNode = FALSE
	EndGlobalSection
	GlobalSection(ExtensibilityGlobals) = postSolution
		SolutionGuid = {D12467D0-B724-4F64-8906-05BC3ED929CE}
	EndGlobalSection
EndGlobal
